
Microsoft Visual Studio Solution File, Format Version 12.00
# Visual Studio Version 16
VisualStudioVersion = 16.0.31005.135
MinimumVisualStudioVersion = 10.0.40219.1
Project("{2150E333-8FDC-42A3-9474-1A3956D46DE8}") = "API", "API", "{5FBB0F28-9A12-4B63-88CC-30B3E3E23F44}"
EndProject
Project("{FAE04EC0-301F-11D3-BF4B-00C04F79EFBC}") = "ProgWeb.Api", "ProgWeb.Api\ProgWeb.Api.csproj", "{1B3045D6-8AC1-4716-A212-323FD032A701}"
EndProject
Project("{2150E333-8FDC-42A3-9474-1A3956D46DE8}") = "Common", "Common", "{0CBDF7AA-A7AC-48E9-AD44-85E313C64986}"
EndProject
Project("{FAE04EC0-301F-11D3-BF4B-00C04F79EFBC}") = "ProgWeb.Models", "ProgWeb.Models\ProgWeb.Models.csproj", "{98F32140-40CD-4E7C-ADAC-C22EDAED1DF7}"
EndProject
Project("{FAE04EC0-301F-11D3-BF4B-00C04F79EFBC}") = "ProgWeb.Dao", "ProgWeb.Dao\ProgWeb.Dao.csproj", "{643EB87A-2102-4453-9A0E-91371CDD70E9}"
EndProject
Global
	GlobalSection(SolutionConfigurationPlatforms) = preSolution
		Debug|Any CPU = Debug|Any CPU
		Release|Any CPU = Release|Any CPU
	EndGlobalSection
	GlobalSection(ProjectConfigurationPlatforms) = postSolution
		{1B3045D6-8AC1-4716-A212-323FD032A701}.Debug|Any CPU.ActiveCfg = Debug|Any CPU
		{1B3045D6-8AC1-4716-A212-323FD032A701}.Debug|Any CPU.Build.0 = Debug|Any CPU
		{1B3045D6-8AC1-4716-A212-323FD032A701}.Release|Any CPU.ActiveCfg = Release|Any CPU
		{1B3045D6-8AC1-4716-A212-323FD032A701}.Release|Any CPU.Build.0 = Release|Any CPU
		{98F32140-40CD-4E7C-ADAC-C22EDAED1DF7}.Debug|Any CPU.ActiveCfg = Debug|Any CPU
		{98F32140-40CD-4E7C-ADAC-C22EDAED1DF7}.Debug|Any CPU.Build.0 = Debug|Any CPU
		{98F32140-40CD-4E7C-ADAC-C22EDAED1DF7}.Release|Any CPU.ActiveCfg = Release|Any CPU
		{98F32140-40CD-4E7C-ADAC-C22EDAED1DF7}.Release|Any CPU.Build.0 = Release|Any CPU
		{643EB87A-2102-4453-9A0E-91371CDD70E9}.Debug|Any CPU.ActiveCfg = Debug|Any CPU
		{643EB87A-2102-4453-9A0E-91371CDD70E9}.Debug|Any CPU.Build.0 = Debug|Any CPU
		{643EB87A-2102-4453-9A0E-91371CDD70E9}.Release|Any CPU.ActiveCfg = Release|Any CPU
		{643EB87A-2102-4453-9A0E-91371CDD70E9}.Release|Any CPU.Build.0 = Release|Any CPU
	EndGlobalSection
	GlobalSection(SolutionProperties) = preSolution
		HideSolutionNode = FALSE
	EndGlobalSection
	GlobalSection(NestedProjects) = preSolution
		{1B3045D6-8AC1-4716-A212-323FD032A701} = {5FBB0F28-9A12-4B63-88CC-30B3E3E23F44}
		{98F32140-40CD-4E7C-ADAC-C22EDAED1DF7} = {0CBDF7AA-A7AC-48E9-AD44-85E313C64986}
		{643EB87A-2102-4453-9A0E-91371CDD70E9} = {0CBDF7AA-A7AC-48E9-AD44-85E313C64986}
	EndGlobalSection
	GlobalSection(ExtensibilityGlobals) = postSolution
		SolutionGuid = {ABFDBA78-ED65-42F9-926E-1654943AFE4E}
	EndGlobalSection
EndGlobal
